
Microsoft Visual Studio Solution File, Format Version 12.00
# Visual Studio Version 17
VisualStudioVersion = 17.13.35818.85 d17.13
MinimumVisualStudioVersion = 10.0.40219.1
Project("{FAE04EC0-301F-11D3-BF4B-00C04F79EFBC}") = "GrandNodeWebhookAPI", "GrandNodeWebhookAPI\GrandNodeWebhookAPI.csproj", "{F93D36E6-2298-49E6-AA94-66452430AD4F}"
EndProject
Global
	GlobalSection(SolutionConfigurationPlatforms) = preSolution
		Debug|Any CPU = Debug|Any CPU
		Release|Any CPU = Release|Any CPU
	EndGlobalSection
	GlobalSection(ProjectConfigurationPlatforms) = postSolution
		{F93D36E6-2298-49E6-AA94-66452430AD4F}.Debug|Any CPU.ActiveCfg = Debug|Any CPU
		{F93D36E6-2298-49E6-AA94-66452430AD4F}.Debug|Any CPU.Build.0 = Debug|Any CPU
		{F93D36E6-2298-49E6-AA94-66452430AD4F}.Release|Any CPU.ActiveCfg = Release|Any CPU
		{F93D36E6-2298-49E6-AA94-66452430AD4F}.Release|Any CPU.Build.0 = Release|Any CPU
	EndGlobalSection
	GlobalSection(SolutionProperties) = preSolution
		HideSolutionNode = FALSE
	EndGlobalSection
	GlobalSection(ExtensibilityGlobals) = postSolution
		SolutionGuid = {2BAE5F0E-8572-4955-89FF-A49A36D192E7}
	EndGlobalSection
EndGlobal
